// !$*UTF8*$!
{
	archiveVersion = 1;
	classes = {
	};
	objectVersion = 50;
	objects = {

/* Begin PBXBuildFile section */
		309CF88C2109B08E004DB6D3 /* AppDelegate.swift in Sources */ = {isa = PBXBuildFile; fileRef = 309CF88B2109B08E004DB6D3 /* AppDelegate.swift */; };
		309CF88E2109B08E004DB6D3 /* ViewController.swift in Sources */ = {isa = PBXBuildFile; fileRef = 309CF88D2109B08E004DB6D3 /* ViewController.swift */; };
		309CF8912109B08E004DB6D3 /* Main.storyboard in Resources */ = {isa = PBXBuildFile; fileRef = 309CF88F2109B08E004DB6D3 /* Main.storyboard */; };
		309CF8932109B08F004DB6D3 /* Assets.xcassets in Resources */ = {isa = PBXBuildFile; fileRef = 309CF8922109B08F004DB6D3 /* Assets.xcassets */; };
		309CF8962109B08F004DB6D3 /* LaunchScreen.storyboard in Resources */ = {isa = PBXBuildFile; fileRef = 309CF8942109B08F004DB6D3 /* LaunchScreen.storyboard */; };
		309CF8A12109B08F004DB6D3 /* RulARTests.swift in Sources */ = {isa = PBXBuildFile; fileRef = 309CF8A02109B08F004DB6D3 /* RulARTests.swift */; };
		309CF8AC2109B08F004DB6D3 /* RulARUITests.swift in Sources */ = {isa = PBXBuildFile; fileRef = 309CF8AB2109B08F004DB6D3 /* RulARUITests.swift */; };
		309CF8BA2109B287004DB6D3 /* grid.png in Resources */ = {isa = PBXBuildFile; fileRef = 309CF8B92109B287004DB6D3 /* grid.png */; };
		309CF8BD2109B296004DB6D3 /* focus_square.png in Resources */ = {isa = PBXBuildFile; fileRef = 309CF8BB2109B296004DB6D3 /* focus_square.png */; };
		309CF8BE2109B296004DB6D3 /* add.png in Resources */ = {isa = PBXBuildFile; fileRef = 309CF8BC2109B296004DB6D3 /* add.png */; };
		309CF8C02109B812004DB6D3 /* Plane.swift in Sources */ = {isa = PBXBuildFile; fileRef = 309CF8BF2109B812004DB6D3 /* Plane.swift */; };
		A544EF75210CD19C007E3C92 /* tile.png in Resources */ = {isa = PBXBuildFile; fileRef = A544EF74210CD199007E3C92 /* tile.png */; };
		A544EF77210CD1A2007E3C92 /* wood.png in Resources */ = {isa = PBXBuildFile; fileRef = A544EF76210CD1A1007E3C92 /* wood.png */; };
		A544EF79210CD226007E3C92 /* stone.png in Resources */ = {isa = PBXBuildFile; fileRef = A544EF78210CD224007E3C92 /* stone.png */; };
		A544EF7D210CD489007E3C92 /* brick.png in Resources */ = {isa = PBXBuildFile; fileRef = A544EF7A210CD483007E3C92 /* brick.png */; };
		A544EF7E210CD489007E3C92 /* paint.png in Resources */ = {isa = PBXBuildFile; fileRef = A544EF7B210CD486007E3C92 /* paint.png */; };
		A544EF7F210CD489007E3C92 /* wallpaper.png in Resources */ = {isa = PBXBuildFile; fileRef = A544EF7C210CD488007E3C92 /* wallpaper.png */; };
		A546763C210E0237004622EF /* ImagePreviewController.swift in Sources */ = {isa = PBXBuildFile; fileRef = A546763B210E0237004622EF /* ImagePreviewController.swift */; };
		A56C45FA210A172100252D1F /* HomeController.swift in Sources */ = {isa = PBXBuildFile; fileRef = A56C45F9210A172100252D1F /* HomeController.swift */; };
		A56C45FE210AFAC400252D1F /* button2.png in Resources */ = {isa = PBXBuildFile; fileRef = A56C45FD210AFAC300252D1F /* button2.png */; };
		A56C4600210AFAC900252D1F /* launchscreen.png in Resources */ = {isa = PBXBuildFile; fileRef = A56C45FF210AFAC800252D1F /* launchscreen.png */; };
		A56C4602210B125A00252D1F /* UserInputController.swift in Sources */ = {isa = PBXBuildFile; fileRef = A56C4601210B125A00252D1F /* UserInputController.swift */; };
		A56C4604210C5FD400252D1F /* CollectionController.swift in Sources */ = {isa = PBXBuildFile; fileRef = A56C4603210C5FD400252D1F /* CollectionController.swift */; };
		A56C4606210C706200252D1F /* FloorPlanController.swift in Sources */ = {isa = PBXBuildFile; fileRef = A56C4605210C706200252D1F /* FloorPlanController.swift */; };
		A59E7C882109FE0C001C1D9E /* InputController.swift in Sources */ = {isa = PBXBuildFile; fileRef = A59E7C872109FE0C001C1D9E /* InputController.swift */; };
/* End PBXBuildFile section */

/* Begin PBXContainerItemProxy section */
		309CF89D2109B08F004DB6D3 /* PBXContainerItemProxy */ = {
			isa = PBXContainerItemProxy;
			containerPortal = 309CF8802109B08E004DB6D3 /* Project object */;
			proxyType = 1;
			remoteGlobalIDString = 309CF8872109B08E004DB6D3;
			remoteInfo = RulAR;
		};
		309CF8A82109B08F004DB6D3 /* PBXContainerItemProxy */ = {
			isa = PBXContainerItemProxy;
			containerPortal = 309CF8802109B08E004DB6D3 /* Project object */;
			proxyType = 1;
			remoteGlobalIDString = 309CF8872109B08E004DB6D3;
			remoteInfo = RulAR;
		};
/* End PBXContainerItemProxy section */

/* Begin PBXFileReference section */
		026C43D0210AFD1500C16F6F /* launchscreen.png */ = {isa = PBXFileReference; lastKnownFileType = image.png; path = launchscreen.png; sourceTree = "<group>"; };
		026C43D2210AFD1E00C16F6F /* button2.png */ = {isa = PBXFileReference; lastKnownFileType = image.png; path = button2.png; sourceTree = "<group>"; };
		309CF8882109B08E004DB6D3 /* RulAR.app */ = {isa = PBXFileReference; explicitFileType = wrapper.application; includeInIndex = 0; path = RulAR.app; sourceTree = BUILT_PRODUCTS_DIR; };
		309CF88B2109B08E004DB6D3 /* AppDelegate.swift */ = {isa = PBXFileReference; lastKnownFileType = sourcecode.swift; path = AppDelegate.swift; sourceTree = "<group>"; };
		309CF88D2109B08E004DB6D3 /* ViewController.swift */ = {isa = PBXFileReference; lastKnownFileType = sourcecode.swift; path = ViewController.swift; sourceTree = "<group>"; };
		309CF8902109B08E004DB6D3 /* Base */ = {isa = PBXFileReference; lastKnownFileType = file.storyboard; name = Base; path = Base.lproj/Main.storyboard; sourceTree = "<group>"; };
		309CF8922109B08F004DB6D3 /* Assets.xcassets */ = {isa = PBXFileReference; lastKnownFileType = folder.assetcatalog; path = Assets.xcassets; sourceTree = "<group>"; };
		309CF8952109B08F004DB6D3 /* Base */ = {isa = PBXFileReference; lastKnownFileType = file.storyboard; name = Base; path = Base.lproj/LaunchScreen.storyboard; sourceTree = "<group>"; };
		309CF8972109B08F004DB6D3 /* Info.plist */ = {isa = PBXFileReference; lastKnownFileType = text.plist.xml; path = Info.plist; sourceTree = "<group>"; };
		309CF89C2109B08F004DB6D3 /* RulARTests.xctest */ = {isa = PBXFileReference; explicitFileType = wrapper.cfbundle; includeInIndex = 0; path = RulARTests.xctest; sourceTree = BUILT_PRODUCTS_DIR; };
		309CF8A02109B08F004DB6D3 /* RulARTests.swift */ = {isa = PBXFileReference; lastKnownFileType = sourcecode.swift; path = RulARTests.swift; sourceTree = "<group>"; };
		309CF8A22109B08F004DB6D3 /* Info.plist */ = {isa = PBXFileReference; lastKnownFileType = text.plist.xml; path = Info.plist; sourceTree = "<group>"; };
		309CF8A72109B08F004DB6D3 /* RulARUITests.xctest */ = {isa = PBXFileReference; explicitFileType = wrapper.cfbundle; includeInIndex = 0; path = RulARUITests.xctest; sourceTree = BUILT_PRODUCTS_DIR; };
		309CF8AB2109B08F004DB6D3 /* RulARUITests.swift */ = {isa = PBXFileReference; lastKnownFileType = sourcecode.swift; path = RulARUITests.swift; sourceTree = "<group>"; };
		309CF8AD2109B08F004DB6D3 /* Info.plist */ = {isa = PBXFileReference; lastKnownFileType = text.plist.xml; path = Info.plist; sourceTree = "<group>"; };
		309CF8B92109B287004DB6D3 /* grid.png */ = {isa = PBXFileReference; lastKnownFileType = image.png; path = grid.png; sourceTree = "<group>"; };
		309CF8BB2109B296004DB6D3 /* focus_square.png */ = {isa = PBXFileReference; lastKnownFileType = image.png; path = focus_square.png; sourceTree = "<group>"; };
		309CF8BC2109B296004DB6D3 /* add.png */ = {isa = PBXFileReference; lastKnownFileType = image.png; path = add.png; sourceTree = "<group>"; };
		309CF8BF2109B812004DB6D3 /* Plane.swift */ = {isa = PBXFileReference; fileEncoding = 4; lastKnownFileType = sourcecode.swift; path = Plane.swift; sourceTree = "<group>"; };
		A544EF74210CD199007E3C92 /* tile.png */ = {isa = PBXFileReference; lastKnownFileType = image.png; name = tile.png; path = ../../../../tile.png; sourceTree = "<group>"; };
		A544EF76210CD1A1007E3C92 /* wood.png */ = {isa = PBXFileReference; lastKnownFileType = image.png; name = wood.png; path = ../../../../wood.png; sourceTree = "<group>"; };
		A544EF78210CD224007E3C92 /* stone.png */ = {isa = PBXFileReference; lastKnownFileType = image.png; name = stone.png; path = ../../../../stone.png; sourceTree = "<group>"; };
		A544EF7A210CD483007E3C92 /* brick.png */ = {isa = PBXFileReference; lastKnownFileType = image.png; name = brick.png; path = ../../../../brick.png; sourceTree = "<group>"; };
		A544EF7B210CD486007E3C92 /* paint.png */ = {isa = PBXFileReference; lastKnownFileType = image.png; name = paint.png; path = ../../../../paint.png; sourceTree = "<group>"; };
		A544EF7C210CD488007E3C92 /* wallpaper.png */ = {isa = PBXFileReference; lastKnownFileType = image.png; name = wallpaper.png; path = ../../../../wallpaper.png; sourceTree = "<group>"; };
		A546763B210E0237004622EF /* ImagePreviewController.swift */ = {isa = PBXFileReference; lastKnownFileType = sourcecode.swift; path = ImagePreviewController.swift; sourceTree = "<group>"; };
		A56C45F9210A172100252D1F /* HomeController.swift */ = {isa = PBXFileReference; lastKnownFileType = sourcecode.swift; path = HomeController.swift; sourceTree = "<group>"; };
		A56C45FD210AFAC300252D1F /* button2.png */ = {isa = PBXFileReference; lastKnownFileType = image.png; path = button2.png; sourceTree = "<group>"; };
		A56C45FF210AFAC800252D1F /* launchscreen.png */ = {isa = PBXFileReference; lastKnownFileType = image.png; path = launchscreen.png; sourceTree = "<group>"; };
		A56C4601210B125A00252D1F /* UserInputController.swift */ = {isa = PBXFileReference; lastKnownFileType = sourcecode.swift; path = UserInputController.swift; sourceTree = "<group>"; };
		A56C4603210C5FD400252D1F /* CollectionController.swift */ = {isa = PBXFileReference; lastKnownFileType = sourcecode.swift; path = CollectionController.swift; sourceTree = "<group>"; };
		A56C4605210C706200252D1F /* FloorPlanController.swift */ = {isa = PBXFileReference; lastKnownFileType = sourcecode.swift; path = FloorPlanController.swift; sourceTree = "<group>"; };
		A59E7C872109FE0C001C1D9E /* InputController.swift */ = {isa = PBXFileReference; lastKnownFileType = sourcecode.swift; path = InputController.swift; sourceTree = "<group>"; };
/* End PBXFileReference section */

/* Begin PBXFrameworksBuildPhase section */
		309CF8852109B08E004DB6D3 /* Frameworks */ = {
			isa = PBXFrameworksBuildPhase;
			buildActionMask = 2147483647;
			files = (
			);
			runOnlyForDeploymentPostprocessing = 0;
		};
		309CF8992109B08F004DB6D3 /* Frameworks */ = {
			isa = PBXFrameworksBuildPhase;
			buildActionMask = 2147483647;
			files = (
			);
			runOnlyForDeploymentPostprocessing = 0;
		};
		309CF8A42109B08F004DB6D3 /* Frameworks */ = {
			isa = PBXFrameworksBuildPhase;
			buildActionMask = 2147483647;
			files = (
			);
			runOnlyForDeploymentPostprocessing = 0;
		};
/* End PBXFrameworksBuildPhase section */

/* Begin PBXGroup section */
		309CF87F2109B08E004DB6D3 = {
			isa = PBXGroup;
			children = (
				309CF88A2109B08E004DB6D3 /* RulAR */,
				309CF89F2109B08F004DB6D3 /* RulARTests */,
				309CF8AA2109B08F004DB6D3 /* RulARUITests */,
				309CF8892109B08E004DB6D3 /* Products */,
			);
			sourceTree = "<group>";
		};
		309CF8892109B08E004DB6D3 /* Products */ = {
			isa = PBXGroup;
			children = (
				309CF8882109B08E004DB6D3 /* RulAR.app */,
				309CF89C2109B08F004DB6D3 /* RulARTests.xctest */,
				309CF8A72109B08F004DB6D3 /* RulARUITests.xctest */,
			);
			name = Products;
			sourceTree = "<group>";
		};
		309CF88A2109B08E004DB6D3 /* RulAR */ = {
			isa = PBXGroup;
			children = (
				A56C4605210C706200252D1F /* FloorPlanController.swift */,
				A56C4603210C5FD400252D1F /* CollectionController.swift */,
				309CF88B2109B08E004DB6D3 /* AppDelegate.swift */,
				A546763B210E0237004622EF /* ImagePreviewController.swift */,
				026C43D0210AFD1500C16F6F /* launchscreen.png */,
				309CF8BF2109B812004DB6D3 /* Plane.swift */,
				A544EF74210CD199007E3C92 /* tile.png */,
				A544EF7A210CD483007E3C92 /* brick.png */,
				A544EF7B210CD486007E3C92 /* paint.png */,
				A544EF7C210CD488007E3C92 /* wallpaper.png */,
				A544EF76210CD1A1007E3C92 /* wood.png */,
				A544EF78210CD224007E3C92 /* stone.png */,
				026C43D2210AFD1E00C16F6F /* button2.png */,
				309CF88D2109B08E004DB6D3 /* ViewController.swift */,
				A56C45F9210A172100252D1F /* HomeController.swift */,
				A56C4601210B125A00252D1F /* UserInputController.swift */,
				A59E7C872109FE0C001C1D9E /* InputController.swift */,
				309CF88F2109B08E004DB6D3 /* Main.storyboard */,
				309CF8BC2109B296004DB6D3 /* add.png */,
				309CF8BB2109B296004DB6D3 /* focus_square.png */,
				A56C45FD210AFAC300252D1F /* button2.png */,
				A56C45FF210AFAC800252D1F /* launchscreen.png */,
				309CF8B92109B287004DB6D3 /* grid.png */,
				309CF8922109B08F004DB6D3 /* Assets.xcassets */,
				309CF8942109B08F004DB6D3 /* LaunchScreen.storyboard */,
				309CF8972109B08F004DB6D3 /* Info.plist */,
			);
			path = RulAR;
			sourceTree = "<group>";
		};
		309CF89F2109B08F004DB6D3 /* RulARTests */ = {
			isa = PBXGroup;
			children = (
				309CF8A02109B08F004DB6D3 /* RulARTests.swift */,
				309CF8A22109B08F004DB6D3 /* Info.plist */,
			);
			path = RulARTests;
			sourceTree = "<group>";
		};
		309CF8AA2109B08F004DB6D3 /* RulARUITests */ = {
			isa = PBXGroup;
			children = (
				309CF8AB2109B08F004DB6D3 /* RulARUITests.swift */,
				309CF8AD2109B08F004DB6D3 /* Info.plist */,
			);
			path = RulARUITests;
			sourceTree = "<group>";
		};
/* End PBXGroup section */

/* Begin PBXNativeTarget section */
		309CF8872109B08E004DB6D3 /* RulAR */ = {
			isa = PBXNativeTarget;
			buildConfigurationList = 309CF8B02109B090004DB6D3 /* Build configuration list for PBXNativeTarget "RulAR" */;
			buildPhases = (
				309CF8842109B08E004DB6D3 /* Sources */,
				309CF8852109B08E004DB6D3 /* Frameworks */,
				309CF8862109B08E004DB6D3 /* Resources */,
			);
			buildRules = (
			);
			dependencies = (
			);
			name = RulAR;
			productName = RulAR;
			productReference = 309CF8882109B08E004DB6D3 /* RulAR.app */;
			productType = "com.apple.product-type.application";
		};
		309CF89B2109B08F004DB6D3 /* RulARTests */ = {
			isa = PBXNativeTarget;
			buildConfigurationList = 309CF8B32109B090004DB6D3 /* Build configuration list for PBXNativeTarget "RulARTests" */;
			buildPhases = (
				309CF8982109B08F004DB6D3 /* Sources */,
				309CF8992109B08F004DB6D3 /* Frameworks */,
				309CF89A2109B08F004DB6D3 /* Resources */,
			);
			buildRules = (
			);
			dependencies = (
				309CF89E2109B08F004DB6D3 /* PBXTargetDependency */,
			);
			name = RulARTests;
			productName = RulARTests;
			productReference = 309CF89C2109B08F004DB6D3 /* RulARTests.xctest */;
			productType = "com.apple.product-type.bundle.unit-test";
		};
		309CF8A62109B08F004DB6D3 /* RulARUITests */ = {
			isa = PBXNativeTarget;
			buildConfigurationList = 309CF8B62109B090004DB6D3 /* Build configuration list for PBXNativeTarget "RulARUITests" */;
			buildPhases = (
				309CF8A32109B08F004DB6D3 /* Sources */,
				309CF8A42109B08F004DB6D3 /* Frameworks */,
				309CF8A52109B08F004DB6D3 /* Resources */,
			);
			buildRules = (
			);
			dependencies = (
				309CF8A92109B08F004DB6D3 /* PBXTargetDependency */,
			);
			name = RulARUITests;
			productName = RulARUITests;
			productReference = 309CF8A72109B08F004DB6D3 /* RulARUITests.xctest */;
			productType = "com.apple.product-type.bundle.ui-testing";
		};
/* End PBXNativeTarget section */

/* Begin PBXProject section */
		309CF8802109B08E004DB6D3 /* Project object */ = {
			isa = PBXProject;
			attributes = {
				LastSwiftUpdateCheck = 0940;
				LastUpgradeCheck = 0940;
				ORGANIZATIONNAME = "Michael Cangcianno";
				TargetAttributes = {
					309CF8872109B08E004DB6D3 = {
						CreatedOnToolsVersion = 9.4.1;
					};
					309CF89B2109B08F004DB6D3 = {
						CreatedOnToolsVersion = 9.4.1;
						TestTargetID = 309CF8872109B08E004DB6D3;
					};
					309CF8A62109B08F004DB6D3 = {
						CreatedOnToolsVersion = 9.4.1;
						TestTargetID = 309CF8872109B08E004DB6D3;
					};
				};
			};
			buildConfigurationList = 309CF8832109B08E004DB6D3 /* Build configuration list for PBXProject "RulAR" */;
			compatibilityVersion = "Xcode 9.3";
			developmentRegion = en;
			hasScannedForEncodings = 0;
			knownRegions = (
				en,
				Base,
			);
			mainGroup = 309CF87F2109B08E004DB6D3;
			productRefGroup = 309CF8892109B08E004DB6D3 /* Products */;
			projectDirPath = "";
			projectRoot = "";
			targets = (
				309CF8872109B08E004DB6D3 /* RulAR */,
				309CF89B2109B08F004DB6D3 /* RulARTests */,
				309CF8A62109B08F004DB6D3 /* RulARUITests */,
			);
		};
/* End PBXProject section */

/* Begin PBXResourcesBuildPhase section */
		309CF8862109B08E004DB6D3 /* Resources */ = {
			isa = PBXResourcesBuildPhase;
			buildActionMask = 2147483647;
			files = (
				A544EF7F210CD489007E3C92 /* wallpaper.png in Resources */,
				A56C4600210AFAC900252D1F /* launchscreen.png in Resources */,
				309CF8962109B08F004DB6D3 /* LaunchScreen.storyboard in Resources */,
				A544EF75210CD19C007E3C92 /* tile.png in Resources */,
				A544EF79210CD226007E3C92 /* stone.png in Resources */,
				309CF8BD2109B296004DB6D3 /* focus_square.png in Resources */,
				A544EF7E210CD489007E3C92 /* paint.png in Resources */,
				A56C45FE210AFAC400252D1F /* button2.png in Resources */,
				309CF8BA2109B287004DB6D3 /* grid.png in Resources */,
				A544EF77210CD1A2007E3C92 /* wood.png in Resources */,
				309CF8BE2109B296004DB6D3 /* add.png in Resources */,
				309CF8932109B08F004DB6D3 /* Assets.xcassets in Resources */,
				309CF8912109B08E004DB6D3 /* Main.storyboard in Resources */,
				A544EF7D210CD489007E3C92 /* brick.png in Resources */,
			);
			runOnlyForDeploymentPostprocessing = 0;
		};
		309CF89A2109B08F004DB6D3 /* Resources */ = {
			isa = PBXResourcesBuildPhase;
			buildActionMask = 2147483647;
			files = (
			);
			runOnlyForDeploymentPostprocessing = 0;
		};
		309CF8A52109B08F004DB6D3 /* Resources */ = {
			isa = PBXResourcesBuildPhase;
			buildActionMask = 2147483647;
			files = (
			);
			runOnlyForDeploymentPostprocessing = 0;
		};
/* End PBXResourcesBuildPhase section */

/* Begin PBXSourcesBuildPhase section */
		309CF8842109B08E004DB6D3 /* Sources */ = {
			isa = PBXSourcesBuildPhase;
			buildActionMask = 2147483647;
			files = (
				A59E7C882109FE0C001C1D9E /* InputController.swift in Sources */,
				A56C4602210B125A00252D1F /* UserInputController.swift in Sources */,
				309CF88E2109B08E004DB6D3 /* ViewController.swift in Sources */,
				309CF8C02109B812004DB6D3 /* Plane.swift in Sources */,
				A56C4604210C5FD400252D1F /* CollectionController.swift in Sources */,
				A56C4606210C706200252D1F /* FloorPlanController.swift in Sources */,
				309CF88C2109B08E004DB6D3 /* AppDelegate.swift in Sources */,
				A56C45FA210A172100252D1F /* HomeController.swift in Sources */,
				A546763C210E0237004622EF /* ImagePreviewController.swift in Sources */,
			);
			runOnlyForDeploymentPostprocessing = 0;
		};
		309CF8982109B08F004DB6D3 /* Sources */ = {
			isa = PBXSourcesBuildPhase;
			buildActionMask = 2147483647;
			files = (
				309CF8A12109B08F004DB6D3 /* RulARTests.swift in Sources */,
			);
			runOnlyForDeploymentPostprocessing = 0;
		};
		309CF8A32109B08F004DB6D3 /* Sources */ = {
			isa = PBXSourcesBuildPhase;
			buildActionMask = 2147483647;
			files = (
				309CF8AC2109B08F004DB6D3 /* RulARUITests.swift in Sources */,
			);
			runOnlyForDeploymentPostprocessing = 0;
		};
/* End PBXSourcesBuildPhase section */

/* Begin PBXTargetDependency section */
		309CF89E2109B08F004DB6D3 /* PBXTargetDependency */ = {
			isa = PBXTargetDependency;
			target = 309CF8872109B08E004DB6D3 /* RulAR */;
			targetProxy = 309CF89D2109B08F004DB6D3 /* PBXContainerItemProxy */;
		};
		309CF8A92109B08F004DB6D3 /* PBXTargetDependency */ = {
			isa = PBXTargetDependency;
			target = 309CF8872109B08E004DB6D3 /* RulAR */;
			targetProxy = 309CF8A82109B08F004DB6D3 /* PBXContainerItemProxy */;
		};
/* End PBXTargetDependency section */

/* Begin PBXVariantGroup section */
		309CF88F2109B08E004DB6D3 /* Main.storyboard */ = {
			isa = PBXVariantGroup;
			children = (
				309CF8902109B08E004DB6D3 /* Base */,
			);
			name = Main.storyboard;
			sourceTree = "<group>";
		};
		309CF8942109B08F004DB6D3 /* LaunchScreen.storyboard */ = {
			isa = PBXVariantGroup;
			children = (
				309CF8952109B08F004DB6D3 /* Base */,
			);
			name = LaunchScreen.storyboard;
			sourceTree = "<group>";
		};
/* End PBXVariantGroup section */

/* Begin XCBuildConfiguration section */
		309CF8AE2109B08F004DB6D3 /* Debug */ = {
			isa = XCBuildConfiguration;
			buildSettings = {
				ALWAYS_SEARCH_USER_PATHS = NO;
				CLANG_ANALYZER_NONNULL = YES;
				CLANG_ANALYZER_NUMBER_OBJECT_CONVERSION = YES_AGGRESSIVE;
				CLANG_CXX_LANGUAGE_STANDARD = "gnu++14";
				CLANG_CXX_LIBRARY = "libc++";
				CLANG_ENABLE_MODULES = YES;
				CLANG_ENABLE_OBJC_ARC = YES;
				CLANG_ENABLE_OBJC_WEAK = YES;
				CLANG_WARN_BLOCK_CAPTURE_AUTORELEASING = YES;
				CLANG_WARN_BOOL_CONVERSION = YES;
				CLANG_WARN_COMMA = YES;
				CLANG_WARN_CONSTANT_CONVERSION = YES;
				CLANG_WARN_DEPRECATED_OBJC_IMPLEMENTATIONS = YES;
				CLANG_WARN_DIRECT_OBJC_ISA_USAGE = YES_ERROR;
				CLANG_WARN_DOCUMENTATION_COMMENTS = YES;
				CLANG_WARN_EMPTY_BODY = YES;
				CLANG_WARN_ENUM_CONVERSION = YES;
				CLANG_WARN_INFINITE_RECURSION = YES;
				CLANG_WARN_INT_CONVERSION = YES;
				CLANG_WARN_NON_LITERAL_NULL_CONVERSION = YES;
				CLANG_WARN_OBJC_IMPLICIT_RETAIN_SELF = YES;
				CLANG_WARN_OBJC_LITERAL_CONVERSION = YES;
				CLANG_WARN_OBJC_ROOT_CLASS = YES_ERROR;
				CLANG_WARN_RANGE_LOOP_ANALYSIS = YES;
				CLANG_WARN_STRICT_PROTOTYPES = YES;
				CLANG_WARN_SUSPICIOUS_MOVE = YES;
				CLANG_WARN_UNGUARDED_AVAILABILITY = YES_AGGRESSIVE;
				CLANG_WARN_UNREACHABLE_CODE = YES;
				CLANG_WARN__DUPLICATE_METHOD_MATCH = YES;
				CODE_SIGN_IDENTITY = "iPhone Developer";
				COPY_PHASE_STRIP = NO;
				DEBUG_INFORMATION_FORMAT = dwarf;
				ENABLE_STRICT_OBJC_MSGSEND = YES;
				ENABLE_TESTABILITY = YES;
				GCC_C_LANGUAGE_STANDARD = gnu11;
				GCC_DYNAMIC_NO_PIC = NO;
				GCC_NO_COMMON_BLOCKS = YES;
				GCC_OPTIMIZATION_LEVEL = 0;
				GCC_PREPROCESSOR_DEFINITIONS = (
					"DEBUG=1",
					"$(inherited)",
				);
				GCC_WARN_64_TO_32_BIT_CONVERSION = YES;
				GCC_WARN_ABOUT_RETURN_TYPE = YES_ERROR;
				GCC_WARN_UNDECLARED_SELECTOR = YES;
				GCC_WARN_UNINITIALIZED_AUTOS = YES_AGGRESSIVE;
				GCC_WARN_UNUSED_FUNCTION = YES;
				GCC_WARN_UNUSED_VARIABLE = YES;
				IPHONEOS_DEPLOYMENT_TARGET = 11.4;
				MTL_ENABLE_DEBUG_INFO = YES;
				ONLY_ACTIVE_ARCH = YES;
				SDKROOT = iphoneos;
				SWIFT_ACTIVE_COMPILATION_CONDITIONS = DEBUG;
				SWIFT_OPTIMIZATION_LEVEL = "-Onone";
			};
			name = Debug;
		};
		309CF8AF2109B08F004DB6D3 /* Release */ = {
			isa = XCBuildConfiguration;
			buildSettings = {
				ALWAYS_SEARCH_USER_PATHS = NO;
				CLANG_ANALYZER_NONNULL = YES;
				CLANG_ANALYZER_NUMBER_OBJECT_CONVERSION = YES_AGGRESSIVE;
				CLANG_CXX_LANGUAGE_STANDARD = "gnu++14";
				CLANG_CXX_LIBRARY = "libc++";
				CLANG_ENABLE_MODULES = YES;
				CLANG_ENABLE_OBJC_ARC = YES;
				CLANG_ENABLE_OBJC_WEAK = YES;
				CLANG_WARN_BLOCK_CAPTURE_AUTORELEASING = YES;
				CLANG_WARN_BOOL_CONVERSION = YES;
				CLANG_WARN_COMMA = YES;
				CLANG_WARN_CONSTANT_CONVERSION = YES;
				CLANG_WARN_DEPRECATED_OBJC_IMPLEMENTATIONS = YES;
				CLANG_WARN_DIRECT_OBJC_ISA_USAGE = YES_ERROR;
				CLANG_WARN_DOCUMENTATION_COMMENTS = YES;
				CLANG_WARN_EMPTY_BODY = YES;
				CLANG_WARN_ENUM_CONVERSION = YES;
				CLANG_WARN_INFINITE_RECURSION = YES;
				CLANG_WARN_INT_CONVERSION = YES;
				CLANG_WARN_NON_LITERAL_NULL_CONVERSION = YES;
				CLANG_WARN_OBJC_IMPLICIT_RETAIN_SELF = YES;
				CLANG_WARN_OBJC_LITERAL_CONVERSION = YES;
				CLANG_WARN_OBJC_ROOT_CLASS = YES_ERROR;
				CLANG_WARN_RANGE_LOOP_ANALYSIS = YES;
				CLANG_WARN_STRICT_PROTOTYPES = YES;
				CLANG_WARN_SUSPICIOUS_MOVE = YES;
				CLANG_WARN_UNGUARDED_AVAILABILITY = YES_AGGRESSIVE;
				CLANG_WARN_UNREACHABLE_CODE = YES;
				CLANG_WARN__DUPLICATE_METHOD_MATCH = YES;
				CODE_SIGN_IDENTITY = "iPhone Developer";
				COPY_PHASE_STRIP = NO;
				DEBUG_INFORMATION_FORMAT = "dwarf-with-dsym";
				ENABLE_NS_ASSERTIONS = NO;
				ENABLE_STRICT_OBJC_MSGSEND = YES;
				GCC_C_LANGUAGE_STANDARD = gnu11;
				GCC_NO_COMMON_BLOCKS = YES;
				GCC_WARN_64_TO_32_BIT_CONVERSION = YES;
				GCC_WARN_ABOUT_RETURN_TYPE = YES_ERROR;
				GCC_WARN_UNDECLARED_SELECTOR = YES;
				GCC_WARN_UNINITIALIZED_AUTOS = YES_AGGRESSIVE;
				GCC_WARN_UNUSED_FUNCTION = YES;
				GCC_WARN_UNUSED_VARIABLE = YES;
				IPHONEOS_DEPLOYMENT_TARGET = 11.4;
				MTL_ENABLE_DEBUG_INFO = NO;
				SDKROOT = iphoneos;
				SWIFT_COMPILATION_MODE = wholemodule;
				SWIFT_OPTIMIZATION_LEVEL = "-O";
				VALIDATE_PRODUCT = YES;
			};
			name = Release;
		};
		309CF8B12109B090004DB6D3 /* Debug */ = {
			isa = XCBuildConfiguration;
			buildSettings = {
				ASSETCATALOG_COMPILER_APPICON_NAME = AppIcon;
				CODE_SIGN_STYLE = Automatic;
				DEVELOPMENT_TEAM = 76S5M4U4NF;
				INFOPLIST_FILE = RulAR/Info.plist;
				LD_RUNPATH_SEARCH_PATHS = (
					"$(inherited)",
					"@executable_path/Frameworks",
				);
				PRODUCT_BUNDLE_IDENTIFIER = mcang.RulAR;
				PRODUCT_NAME = "$(TARGET_NAME)";
				SWIFT_VERSION = 4.0;
				TARGETED_DEVICE_FAMILY = "1,2";
			};
			name = Debug;
		};
		309CF8B22109B090004DB6D3 /* Release */ = {
			isa = XCBuildConfiguration;
			buildSettings = {
				ASSETCATALOG_COMPILER_APPICON_NAME = AppIcon;
				CODE_SIGN_STYLE = Automatic;
				DEVELOPMENT_TEAM = 76S5M4U4NF;
				INFOPLIST_FILE = RulAR/Info.plist;
				LD_RUNPATH_SEARCH_PATHS = (
					"$(inherited)",
					"@executable_path/Frameworks",
				);
				PRODUCT_BUNDLE_IDENTIFIER = mcang.RulAR;
				PRODUCT_NAME = "$(TARGET_NAME)";
				SWIFT_VERSION = 4.0;
				TARGETED_DEVICE_FAMILY = "1,2";
			};
			name = Release;
		};
		309CF8B42109B090004DB6D3 /* Debug */ = {
			isa = XCBuildConfiguration;
			buildSettings = {
				ALWAYS_EMBED_SWIFT_STANDARD_LIBRARIES = YES;
				BUNDLE_LOADER = "$(TEST_HOST)";
				CODE_SIGN_STYLE = Automatic;
				DEVELOPMENT_TEAM = 76S5M4U4NF;
				INFOPLIST_FILE = RulARTests/Info.plist;
				LD_RUNPATH_SEARCH_PATHS = (
					"$(inherited)",
					"@executable_path/Frameworks",
					"@loader_path/Frameworks",
				);
				PRODUCT_BUNDLE_IDENTIFIER = mcang.RulARTests;
				PRODUCT_NAME = "$(TARGET_NAME)";
				SWIFT_VERSION = 4.0;
				TARGETED_DEVICE_FAMILY = "1,2";
				TEST_HOST = "$(BUILT_PRODUCTS_DIR)/RulAR.app/RulAR";
			};
			name = Debug;
		};
		309CF8B52109B090004DB6D3 /* Release */ = {
			isa = XCBuildConfiguration;
			buildSettings = {
				ALWAYS_EMBED_SWIFT_STANDARD_LIBRARIES = YES;
				BUNDLE_LOADER = "$(TEST_HOST)";
				CODE_SIGN_STYLE = Automatic;
				DEVELOPMENT_TEAM = 76S5M4U4NF;
				INFOPLIST_FILE = RulARTests/Info.plist;
				LD_RUNPATH_SEARCH_PATHS = (
					"$(inherited)",
					"@executable_path/Frameworks",
					"@loader_path/Frameworks",
				);
				PRODUCT_BUNDLE_IDENTIFIER = mcang.RulARTests;
				PRODUCT_NAME = "$(TARGET_NAME)";
				SWIFT_VERSION = 4.0;
				TARGETED_DEVICE_FAMILY = "1,2";
				TEST_HOST = "$(BUILT_PRODUCTS_DIR)/RulAR.app/RulAR";
			};
			name = Release;
		};
		309CF8B72109B090004DB6D3 /* Debug */ = {
			isa = XCBuildConfiguration;
			buildSettings = {
				ALWAYS_EMBED_SWIFT_STANDARD_LIBRARIES = YES;
				CODE_SIGN_STYLE = Automatic;
				DEVELOPMENT_TEAM = 76S5M4U4NF;
				INFOPLIST_FILE = RulARUITests/Info.plist;
				LD_RUNPATH_SEARCH_PATHS = (
					"$(inherited)",
					"@executable_path/Frameworks",
					"@loader_path/Frameworks",
				);
				PRODUCT_BUNDLE_IDENTIFIER = mcang.RulARUITests;
				PRODUCT_NAME = "$(TARGET_NAME)";
				SWIFT_VERSION = 4.0;
				TARGETED_DEVICE_FAMILY = "1,2";
				TEST_TARGET_NAME = RulAR;
			};
			name = Debug;
		};
		309CF8B82109B090004DB6D3 /* Release */ = {
			isa = XCBuildConfiguration;
			buildSettings = {
				ALWAYS_EMBED_SWIFT_STANDARD_LIBRARIES = YES;
				CODE_SIGN_STYLE = Automatic;
				DEVELOPMENT_TEAM = 76S5M4U4NF;
				INFOPLIST_FILE = RulARUITests/Info.plist;
				LD_RUNPATH_SEARCH_PATHS = (
					"$(inherited)",
					"@executable_path/Frameworks",
					"@loader_path/Frameworks",
				);
				PRODUCT_BUNDLE_IDENTIFIER = mcang.RulARUITests;
				PRODUCT_NAME = "$(TARGET_NAME)";
				SWIFT_VERSION = 4.0;
				TARGETED_DEVICE_FAMILY = "1,2";
				TEST_TARGET_NAME = RulAR;
			};
			name = Release;
		};
/* End XCBuildConfiguration section */

/* Begin XCConfigurationList section */
		309CF8832109B08E004DB6D3 /* Build configuration list for PBXProject "RulAR" */ = {
			isa = XCConfigurationList;
			buildConfigurations = (
				309CF8AE2109B08F004DB6D3 /* Debug */,
				309CF8AF2109B08F004DB6D3 /* Release */,
			);
			defaultConfigurationIsVisible = 0;
			defaultConfigurationName = Release;
		};
		309CF8B02109B090004DB6D3 /* Build configuration list for PBXNativeTarget "RulAR" */ = {
			isa = XCConfigurationList;
			buildConfigurations = (
				309CF8B12109B090004DB6D3 /* Debug */,
				309CF8B22109B090004DB6D3 /* Release */,
			);
			defaultConfigurationIsVisible = 0;
			defaultConfigurationName = Release;
		};
		309CF8B32109B090004DB6D3 /* Build configuration list for PBXNativeTarget "RulARTests" */ = {
			isa = XCConfigurationList;
			buildConfigurations = (
				309CF8B42109B090004DB6D3 /* Debug */,
				309CF8B52109B090004DB6D3 /* Release */,
			);
			defaultConfigurationIsVisible = 0;
			defaultConfigurationName = Release;
		};
		309CF8B62109B090004DB6D3 /* Build configuration list for PBXNativeTarget "RulARUITests" */ = {
			isa = XCConfigurationList;
			buildConfigurations = (
				309CF8B72109B090004DB6D3 /* Debug */,
				309CF8B82109B090004DB6D3 /* Release */,
			);
			defaultConfigurationIsVisible = 0;
			defaultConfigurationName = Release;
		};
/* End XCConfigurationList section */
	};
	rootObject = 309CF8802109B08E004DB6D3 /* Project object */;
}
